
Microsoft Visual Studio Solution File, Format Version 12.00
# Visual Studio 2013
VisualStudioVersion = 12.0.21005.1
MinimumVisualStudioVersion = 10.0.40219.1
Project("{FAE04EC0-301F-11D3-BF4B-00C04F79EFBC}") = "01.Refactoring", "01.Refactoring\01.Refactoring.csproj", "{5B5D9093-C744-4842-B6D8-5572CF157B4C}"
EndProject
Project("{FAE04EC0-301F-11D3-BF4B-00C04F79EFBC}") = "02.CreateWebPage", "02.CreateWebPage\02.CreateWebPage.csproj", "{E219274C-4C62-4082-AD08-B38F569A5272}"
EndProject
Project("{FAE04EC0-301F-11D3-BF4B-00C04F79EFBC}") = "03.LinkedIn", "03.LinkedIn\03.LinkedIn.csproj", "{BD7FD090-EF0B-4CBB-9A1F-C60A5ABF8D38}"
EndProject
Global
	GlobalSection(SolutionConfigurationPlatforms) = preSolution
		Debug|Any CPU = Debug|Any CPU
		Release|Any CPU = Release|Any CPU
	EndGlobalSection
	GlobalSection(ProjectConfigurationPlatforms) = postSolution
		{5B5D9093-C744-4842-B6D8-5572CF157B4C}.Debug|Any CPU.ActiveCfg = Debug|Any CPU
		{5B5D9093-C744-4842-B6D8-5572CF157B4C}.Debug|Any CPU.Build.0 = Debug|Any CPU
		{5B5D9093-C744-4842-B6D8-5572CF157B4C}.Release|Any CPU.ActiveCfg = Release|Any CPU
		{5B5D9093-C744-4842-B6D8-5572CF157B4C}.Release|Any CPU.Build.0 = Release|Any CPU
		{E219274C-4C62-4082-AD08-B38F569A5272}.Debug|Any CPU.ActiveCfg = Debug|Any CPU
		{E219274C-4C62-4082-AD08-B38F569A5272}.Debug|Any CPU.Build.0 = Debug|Any CPU
		{E219274C-4C62-4082-AD08-B38F569A5272}.Release|Any CPU.ActiveCfg = Release|Any CPU
		{E219274C-4C62-4082-AD08-B38F569A5272}.Release|Any CPU.Build.0 = Release|Any CPU
		{BD7FD090-EF0B-4CBB-9A1F-C60A5ABF8D38}.Debug|Any CPU.ActiveCfg = Debug|Any CPU
		{BD7FD090-EF0B-4CBB-9A1F-C60A5ABF8D38}.Debug|Any CPU.Build.0 = Debug|Any CPU
		{BD7FD090-EF0B-4CBB-9A1F-C60A5ABF8D38}.Release|Any CPU.ActiveCfg = Release|Any CPU
		{BD7FD090-EF0B-4CBB-9A1F-C60A5ABF8D38}.Release|Any CPU.Build.0 = Release|Any CPU
	EndGlobalSection
	GlobalSection(SolutionProperties) = preSolution
		HideSolutionNode = FALSE
	EndGlobalSection
EndGlobal
